{
  "requires": true,
  "lockfileVersion": 1,
  "dependencies": {
    "argparse": {
      "version": "1.0.10",
      "resolved": "https://registry.npm.taobao.org/argparse/download/argparse-1.0.10.tgz",
      "integrity": "sha1-vNZ5HqWuCXJeF+WtmIE0zUCz2RE=",
      "requires": {
        "sprintf-js": "~1.0.2"
      }
    },
    "autolinker": {
      "version": "3.14.0",
      "resolved": "https://registry.npm.taobao.org/autolinker/download/autolinker-3.14.0.tgz",
      "integrity": "sha1-cPAbwPuL6LI0BIDffzI6vgTuSz8=",
      "requires": {
        "tslib": "^1.9.3"
      }
    },
    "remarkable": {
      "version": "2.0.0",
      "resolved": "https://registry.npm.taobao.org/remarkable/download/remarkable-2.0.0.tgz",
      "integrity": "sha1-eV+WW+3oMANizlGnFu3DItnnpMo=",
      "requires": {
        "argparse": "^1.0.10",
        "autolinker": "^3.11.0"
      }
    },
    "sprintf-js": {
      "version": "1.0.3",
      "resolved": "https://registry.npm.taobao.org/sprintf-js/download/sprintf-js-1.0.3.tgz",
      "integrity": "sha1-BOaSb2YolTVPPdAVIDYzuFcpfiw="
    },
    "tslib": {
      "version": "1.11.1",
      "resolved": "https://registry.npm.taobao.org/tslib/download/tslib-1.11.1.tgz",
      "integrity": "sha1-6xXRKIJ/vuKEFUnhcfRe0zisfjU="
    }
  }
}
